{
  "originHash" : "253b56452b90e991b161d96eeecf35f9ceca5ba40f2918dee672212aaa26897e",
  "pins" : [
    {
      "identity" : "leeokit",
      "kind" : "remoteSourceControl",
      "location" : "https://github.com/M1zz/LeeoKit.git",
      "state" : {
        "revision" : "154018f8ec524dace0e227d786d66a39995ca18c",
        "version" : "2.9.0"
      }
    }
  ],
  "version" : 3
}
